<?xml version="1.0" encoding="utf-8"?>
<Project ToolsVersion="4.0" xmlns="http://schemas.microsoft.com/developer/msbuild/2003">
  <ItemGroup>
    <Filter Include="Source Files">
      <UniqueIdentifier>{4FC737F1-C7A5-4376-A066-2A32D752A2FF}</UniqueIdentifier>
      <Extensions>cpp;c;cc;cxx;def;odl;idl;hpj;bat;asm;asmx</Extensions>
    </Filter>
    <Filter Include="Header Files">
      <UniqueIdentifier>{93995380-89BD-4b04-88EB-625FBE52EBFB}</UniqueIdentifier>
      <Extensions>h;hh;hpp;hxx;hm;inl;inc;xsd</Extensions>
    </Filter>
    <Filter Include="Resource Files">
      <UniqueIdentifier>{67DA6AB6-F800-4c08-8B7A-83BB121AAD01}</UniqueIdentifier>
      <Extensions>rc;ico;cur;bmp;dlg;rc2;rct;bin;rgs;gif;jpg;jpeg;jpe;resx;tiff;tif;png;wav;mfcribbon-ms</Extensions>
    </Filter>
    <Filter Include="KartClasses">
      <UniqueIdentifier>{044f13bf-051c-4cee-9c5c-e8764826f996}</UniqueIdentifier>
    </Filter>
    <Filter Include="KartClasses\src">
      <UniqueIdentifier>{5b8b0afe-a4a5-4c69-ac55-c71e1649a0e4}</UniqueIdentifier>
    </Filter>
    <Filter Include="KartClasses\incl">
      <UniqueIdentifier>{0075816b-f087-48a0-9600-f6f50771222b}</UniqueIdentifier>
    </Filter>
  </ItemGroup>
  <ItemGroup>
    <Text Include="ReadMe.txt" />
  </ItemGroup>
  <ItemGroup>
    <ClInclude Include="MFC_test.h">
      <Filter>Header Files</Filter>
    </ClInclude>
    <ClInclude Include="MFC_testDlg.h">
      <Filter>Header Files</Filter>
    </ClInclude>
    <ClInclude Include="stdafx.h">
      <Filter>Header Files</Filter>
    </ClInclude>
    <ClInclude Include="targetver.h">
      <Filter>Header Files</Filter>
    </ClInclude>
    <ClInclude Include="Resource.h">
      <Filter>Header Files</Filter>
    </ClInclude>
    <ClInclude Include="DlgName.h">
      <Filter>Header Files</Filter>
    </ClInclude>
    <ClInclude Include="KartDlg.h">
      <Filter>Header Files</Filter>
    </ClInclude>
    <ClInclude Include="Kart.h">
      <Filter>KartClasses\incl</Filter>
    </ClInclude>
    <ClInclude Include="WayPoint.h">
      <Filter>KartClasses\incl</Filter>
    </ClInclude>
    <ClInclude Include="GameObject.h">
      <Filter>KartClasses\incl</Filter>
    </ClInclude>
    <ClInclude Include="Biod.h">
      <Filter>KartClasses\incl</Filter>
    </ClInclude>
    <ClInclude Include="World.h">
      <Filter>KartClasses\incl</Filter>
    </ClInclude>
  </ItemGroup>
  <ItemGroup>
    <ClCompile Include="MFC_test.cpp">
      <Filter>Source Files</Filter>
    </ClCompile>
    <ClCompile Include="MFC_testDlg.cpp">
      <Filter>Source Files</Filter>
    </ClCompile>
    <ClCompile Include="stdafx.cpp">
      <Filter>Source Files</Filter>
    </ClCompile>
    <ClCompile Include="DlgName.cpp">
      <Filter>Source Files</Filter>
    </ClCompile>
    <ClCompile Include="KartDlg.cpp">
      <Filter>Source Files</Filter>
    </ClCompile>
    <ClCompile Include="Kart.cpp">
      <Filter>KartClasses\src</Filter>
    </ClCompile>
    <ClCompile Include="WayPoint.cpp">
      <Filter>KartClasses\src</Filter>
    </ClCompile>
    <ClCompile Include="GameObject.cpp">
      <Filter>KartClasses\src</Filter>
    </ClCompile>
    <ClCompile Include="Biod.cpp">
      <Filter>KartClasses\src</Filter>
    </ClCompile>
    <ClCompile Include="World.cpp">
      <Filter>KartClasses\src</Filter>
    </ClCompile>
  </ItemGroup>
  <ItemGroup>
    <ResourceCompile Include="MFC_test.rc">
      <Filter>Resource Files</Filter>
    </ResourceCompile>
  </ItemGroup>
  <ItemGroup>
    <None Include="res\MFC_test.rc2">
      <Filter>Resource Files</Filter>
    </None>
  </ItemGroup>
  <ItemGroup>
    <Image Include="res\MFC_test.ico">
      <Filter>Resource Files</Filter>
    </Image>
  </ItemGroup>
</Project>